
Microsoft Visual Studio Solution File, Format Version 12.00
# Visual Studio Version 17
VisualStudioVersion = 17.6.33815.320
MinimumVisualStudioVersion = 10.0.40219.1
Project("{9A19103F-16F7-4668-BE54-9A1E7A4F7556}") = "Testing in C#", "LearningC#\Testing in C#.csproj", "{A0C61615-071F-4EC3-BD92-7FC742A6D08E}"
EndProject
Project("{9A19103F-16F7-4668-BE54-9A1E7A4F7556}") = "MyTestcases", "MyTestcases\MyTestcases.csproj", "{BF17D985-9A75-4273-86D6-E73C719033A8}"
EndProject
Global
	GlobalSection(SolutionConfigurationPlatforms) = preSolution
		Debug|Any CPU = Debug|Any CPU
		Release|Any CPU = Release|Any CPU
	EndGlobalSection
	GlobalSection(ProjectConfigurationPlatforms) = postSolution
		{A0C61615-071F-4EC3-BD92-7FC742A6D08E}.Debug|Any CPU.ActiveCfg = Debug|Any CPU
		{A0C61615-071F-4EC3-BD92-7FC742A6D08E}.Debug|Any CPU.Build.0 = Debug|Any CPU
		{A0C61615-071F-4EC3-BD92-7FC742A6D08E}.Release|Any CPU.ActiveCfg = Release|Any CPU
		{A0C61615-071F-4EC3-BD92-7FC742A6D08E}.Release|Any CPU.Build.0 = Release|Any CPU
		{BF17D985-9A75-4273-86D6-E73C719033A8}.Debug|Any CPU.ActiveCfg = Debug|Any CPU
		{BF17D985-9A75-4273-86D6-E73C719033A8}.Debug|Any CPU.Build.0 = Debug|Any CPU
		{BF17D985-9A75-4273-86D6-E73C719033A8}.Release|Any CPU.ActiveCfg = Release|Any CPU
		{BF17D985-9A75-4273-86D6-E73C719033A8}.Release|Any CPU.Build.0 = Release|Any CPU
	EndGlobalSection
	GlobalSection(SolutionProperties) = preSolution
		HideSolutionNode = FALSE
	EndGlobalSection
	GlobalSection(ExtensibilityGlobals) = postSolution
		SolutionGuid = {BF206CAC-8053-4F1E-AFA3-5D9E46F2051C}
	EndGlobalSection
EndGlobal
